
Microsoft Visual Studio Solution File, Format Version 12.00
# Visual Studio Version 17
VisualStudioVersion = 17.4.33213.308
MinimumVisualStudioVersion = 10.0.40219.1
Project("{FAE04EC0-301F-11D3-BF4B-00C04F79EFBC}") = "TPOwebsite", "TPOwebsite.csproj", "{71768ACC-64BE-409C-801F-A2823DF8A747}"
EndProject
Global
	GlobalSection(SolutionConfigurationPlatforms) = preSolution
		Debug|Any CPU = Debug|Any CPU
		Release|Any CPU = Release|Any CPU
	EndGlobalSection
	GlobalSection(ProjectConfigurationPlatforms) = postSolution
		{71768ACC-64BE-409C-801F-A2823DF8A747}.Debug|Any CPU.ActiveCfg = Debug|Any CPU
		{71768ACC-64BE-409C-801F-A2823DF8A747}.Debug|Any CPU.Build.0 = Debug|Any CPU
		{71768ACC-64BE-409C-801F-A2823DF8A747}.Release|Any CPU.ActiveCfg = Release|Any CPU
		{71768ACC-64BE-409C-801F-A2823DF8A747}.Release|Any CPU.Build.0 = Release|Any CPU
	EndGlobalSection
	GlobalSection(SolutionProperties) = preSolution
		HideSolutionNode = FALSE
	EndGlobalSection
	GlobalSection(ExtensibilityGlobals) = postSolution
		SolutionGuid = {1551C70F-F78C-4F90-8518-4605A4755E98}
	EndGlobalSection
EndGlobal
